
Microsoft Visual Studio Solution File, Format Version 12.00
# Visual Studio 15
VisualStudioVersion = 15.0.27130.2027
MinimumVisualStudioVersion = 10.0.40219.1
Project("{FAE04EC0-301F-11D3-BF4B-00C04F79EFBC}") = "Sharktooth", "Sharktooth\Sharktooth.csproj", "{126C07A9-BB01-47ED-8CB2-D9BB639EEE98}"
EndProject
Global
	GlobalSection(SolutionConfigurationPlatforms) = preSolution
		Debug|Any CPU = Debug|Any CPU
		Release|Any CPU = Release|Any CPU
	EndGlobalSection
	GlobalSection(ProjectConfigurationPlatforms) = postSolution
		{126C07A9-BB01-47ED-8CB2-D9BB639EEE98}.Debug|Any CPU.ActiveCfg = Debug|Any CPU
		{126C07A9-BB01-47ED-8CB2-D9BB639EEE98}.Debug|Any CPU.Build.0 = Debug|Any CPU
		{126C07A9-BB01-47ED-8CB2-D9BB639EEE98}.Release|Any CPU.ActiveCfg = Release|Any CPU
		{126C07A9-BB01-47ED-8CB2-D9BB639EEE98}.Release|Any CPU.Build.0 = Release|Any CPU
	EndGlobalSection
	GlobalSection(SolutionProperties) = preSolution
		HideSolutionNode = FALSE
	EndGlobalSection
	GlobalSection(ExtensibilityGlobals) = postSolution
		SolutionGuid = {53EBF0C1-0481-4CEB-AF06-147B1746B39B}
	EndGlobalSection
EndGlobal
