
Microsoft Visual Studio Solution File, Format Version 12.00
# Visual Studio 15
VisualStudioVersion = 15.0.27130.2027
MinimumVisualStudioVersion = 10.0.40219.1
Project("{FAE04EC0-301F-11D3-BF4B-00C04F79EFBC}") = "Sharktooth", "Sharktooth\Sharktooth.csproj", "{126C07A9-BB01-47ED-8CB2-D9BB639EEE98}"
EndProject
Project("{FAE04EC0-301F-11D3-BF4B-00C04F79EFBC}") = "Mub2Mid", "Mub2Mid\Mub2Mid.csproj", "{FC4114DE-6690-4792-ADB9-62FC8651BA61}"
EndProject
Project("{2150E333-8FDC-42A3-9474-1A3956D46DE8}") = "Libraries", "Libraries", "{323452C4-526D-4D31-9A8C-09766FD7D905}"
	ProjectSection(SolutionItems) = preProject
		Libraries\Crc32NET_LICENSE = Libraries\Crc32NET_LICENSE
		Libraries\GameArchives.dll = Libraries\GameArchives.dll
		Libraries\GameArchives_LICENSE = Libraries\GameArchives_LICENSE
		Libraries\GameArchives_README.md = Libraries\GameArchives_README.md
		Libraries\NAudio_LICENSE = Libraries\NAudio_LICENSE
	EndProjectSection
EndProject
Project("{FAE04EC0-301F-11D3-BF4B-00C04F79EFBC}") = "Xmk2Mid", "Xmk2Mid\Xmk2Mid.csproj", "{E66963E1-26FF-4B02-8311-58B9BEEBB01B}"
EndProject
Project("{FAE04EC0-301F-11D3-BF4B-00C04F79EFBC}") = "Mid2Mub", "Mid2Mub\Mid2Mub.csproj", "{CEE0545F-7776-4FE6-B255-7EE1FE4090B2}"
EndProject
Global
	GlobalSection(SolutionConfigurationPlatforms) = preSolution
		Debug|Any CPU = Debug|Any CPU
		Release|Any CPU = Release|Any CPU
	EndGlobalSection
	GlobalSection(ProjectConfigurationPlatforms) = postSolution
		{126C07A9-BB01-47ED-8CB2-D9BB639EEE98}.Debug|Any CPU.ActiveCfg = Debug|Any CPU
		{126C07A9-BB01-47ED-8CB2-D9BB639EEE98}.Debug|Any CPU.Build.0 = Debug|Any CPU
		{126C07A9-BB01-47ED-8CB2-D9BB639EEE98}.Release|Any CPU.ActiveCfg = Release|Any CPU
		{126C07A9-BB01-47ED-8CB2-D9BB639EEE98}.Release|Any CPU.Build.0 = Release|Any CPU
		{FC4114DE-6690-4792-ADB9-62FC8651BA61}.Debug|Any CPU.ActiveCfg = Debug|Any CPU
		{FC4114DE-6690-4792-ADB9-62FC8651BA61}.Debug|Any CPU.Build.0 = Debug|Any CPU
		{FC4114DE-6690-4792-ADB9-62FC8651BA61}.Release|Any CPU.ActiveCfg = Release|Any CPU
		{FC4114DE-6690-4792-ADB9-62FC8651BA61}.Release|Any CPU.Build.0 = Release|Any CPU
		{E66963E1-26FF-4B02-8311-58B9BEEBB01B}.Debug|Any CPU.ActiveCfg = Debug|Any CPU
		{E66963E1-26FF-4B02-8311-58B9BEEBB01B}.Debug|Any CPU.Build.0 = Debug|Any CPU
		{E66963E1-26FF-4B02-8311-58B9BEEBB01B}.Release|Any CPU.ActiveCfg = Release|Any CPU
		{E66963E1-26FF-4B02-8311-58B9BEEBB01B}.Release|Any CPU.Build.0 = Release|Any CPU
		{CEE0545F-7776-4FE6-B255-7EE1FE4090B2}.Debug|Any CPU.ActiveCfg = Debug|Any CPU
		{CEE0545F-7776-4FE6-B255-7EE1FE4090B2}.Debug|Any CPU.Build.0 = Debug|Any CPU
		{CEE0545F-7776-4FE6-B255-7EE1FE4090B2}.Release|Any CPU.ActiveCfg = Release|Any CPU
		{CEE0545F-7776-4FE6-B255-7EE1FE4090B2}.Release|Any CPU.Build.0 = Release|Any CPU
	EndGlobalSection
	GlobalSection(SolutionProperties) = preSolution
		HideSolutionNode = FALSE
	EndGlobalSection
	GlobalSection(ExtensibilityGlobals) = postSolution
		SolutionGuid = {53EBF0C1-0481-4CEB-AF06-147B1746B39B}
	EndGlobalSection
EndGlobal
